
Microsoft Visual Studio Solution File, Format Version 12.00
# Visual Studio 15
VisualStudioVersion = 15.0.26124.0
MinimumVisualStudioVersion = 15.0.26124.0
Project("{FAE04EC0-301F-11D3-BF4B-00C04F79EFBC}") = "GameTOP", "GameTOP\GameTOP.csproj", "{9A988202-3218-422A-984D-17CB25B91A65}"
EndProject
Project("{FAE04EC0-301F-11D3-BF4B-00C04F79EFBC}") = "GameTOP.Lib", "GameTOP.Lib\GameTOP.Lib.csproj", "{877EAB46-3B55-4D60-82D7-80F21A10F1C0}"
EndProject
Project("{FAE04EC0-301F-11D3-BF4B-00C04F79EFBC}") = "GameTOP.Interface", "GameTOP.Interface\GameTOP.Interface.csproj", "{9CFF503D-8977-49C8-AABB-2944787A2F05}"
EndProject
Global
	GlobalSection(SolutionConfigurationPlatforms) = preSolution
		Debug|Any CPU = Debug|Any CPU
		Debug|x64 = Debug|x64
		Debug|x86 = Debug|x86
		Release|Any CPU = Release|Any CPU
		Release|x64 = Release|x64
		Release|x86 = Release|x86
	EndGlobalSection
	GlobalSection(SolutionProperties) = preSolution
		HideSolutionNode = FALSE
	EndGlobalSection
	GlobalSection(ProjectConfigurationPlatforms) = postSolution
		{9A988202-3218-422A-984D-17CB25B91A65}.Debug|Any CPU.ActiveCfg = Debug|Any CPU
		{9A988202-3218-422A-984D-17CB25B91A65}.Debug|Any CPU.Build.0 = Debug|Any CPU
		{9A988202-3218-422A-984D-17CB25B91A65}.Debug|x64.ActiveCfg = Debug|Any CPU
		{9A988202-3218-422A-984D-17CB25B91A65}.Debug|x64.Build.0 = Debug|Any CPU
		{9A988202-3218-422A-984D-17CB25B91A65}.Debug|x86.ActiveCfg = Debug|Any CPU
		{9A988202-3218-422A-984D-17CB25B91A65}.Debug|x86.Build.0 = Debug|Any CPU
		{9A988202-3218-422A-984D-17CB25B91A65}.Release|Any CPU.ActiveCfg = Release|Any CPU
		{9A988202-3218-422A-984D-17CB25B91A65}.Release|Any CPU.Build.0 = Release|Any CPU
		{9A988202-3218-422A-984D-17CB25B91A65}.Release|x64.ActiveCfg = Release|Any CPU
		{9A988202-3218-422A-984D-17CB25B91A65}.Release|x64.Build.0 = Release|Any CPU
		{9A988202-3218-422A-984D-17CB25B91A65}.Release|x86.ActiveCfg = Release|Any CPU
		{9A988202-3218-422A-984D-17CB25B91A65}.Release|x86.Build.0 = Release|Any CPU
		{877EAB46-3B55-4D60-82D7-80F21A10F1C0}.Debug|Any CPU.ActiveCfg = Debug|Any CPU
		{877EAB46-3B55-4D60-82D7-80F21A10F1C0}.Debug|Any CPU.Build.0 = Debug|Any CPU
		{877EAB46-3B55-4D60-82D7-80F21A10F1C0}.Debug|x64.ActiveCfg = Debug|Any CPU
		{877EAB46-3B55-4D60-82D7-80F21A10F1C0}.Debug|x64.Build.0 = Debug|Any CPU
		{877EAB46-3B55-4D60-82D7-80F21A10F1C0}.Debug|x86.ActiveCfg = Debug|Any CPU
		{877EAB46-3B55-4D60-82D7-80F21A10F1C0}.Debug|x86.Build.0 = Debug|Any CPU
		{877EAB46-3B55-4D60-82D7-80F21A10F1C0}.Release|Any CPU.ActiveCfg = Release|Any CPU
		{877EAB46-3B55-4D60-82D7-80F21A10F1C0}.Release|Any CPU.Build.0 = Release|Any CPU
		{877EAB46-3B55-4D60-82D7-80F21A10F1C0}.Release|x64.ActiveCfg = Release|Any CPU
		{877EAB46-3B55-4D60-82D7-80F21A10F1C0}.Release|x64.Build.0 = Release|Any CPU
		{877EAB46-3B55-4D60-82D7-80F21A10F1C0}.Release|x86.ActiveCfg = Release|Any CPU
		{877EAB46-3B55-4D60-82D7-80F21A10F1C0}.Release|x86.Build.0 = Release|Any CPU
		{9CFF503D-8977-49C8-AABB-2944787A2F05}.Debug|Any CPU.ActiveCfg = Debug|Any CPU
		{9CFF503D-8977-49C8-AABB-2944787A2F05}.Debug|Any CPU.Build.0 = Debug|Any CPU
		{9CFF503D-8977-49C8-AABB-2944787A2F05}.Debug|x64.ActiveCfg = Debug|Any CPU
		{9CFF503D-8977-49C8-AABB-2944787A2F05}.Debug|x64.Build.0 = Debug|Any CPU
		{9CFF503D-8977-49C8-AABB-2944787A2F05}.Debug|x86.ActiveCfg = Debug|Any CPU
		{9CFF503D-8977-49C8-AABB-2944787A2F05}.Debug|x86.Build.0 = Debug|Any CPU
		{9CFF503D-8977-49C8-AABB-2944787A2F05}.Release|Any CPU.ActiveCfg = Release|Any CPU
		{9CFF503D-8977-49C8-AABB-2944787A2F05}.Release|Any CPU.Build.0 = Release|Any CPU
		{9CFF503D-8977-49C8-AABB-2944787A2F05}.Release|x64.ActiveCfg = Release|Any CPU
		{9CFF503D-8977-49C8-AABB-2944787A2F05}.Release|x64.Build.0 = Release|Any CPU
		{9CFF503D-8977-49C8-AABB-2944787A2F05}.Release|x86.ActiveCfg = Release|Any CPU
		{9CFF503D-8977-49C8-AABB-2944787A2F05}.Release|x86.Build.0 = Release|Any CPU
	EndGlobalSection
EndGlobal
